PODS:
  - Flutter (1.0.0)
  - flutter_login_vk (0.0.1):
    - Flutter

DEPENDENCIES:
  - Flutter (from `Flutter`)
  - flutter_login_vk (from `.symlinks/plugins/flutter_login_vk/ios`)

EXTERNAL SOURCES:
  Flutter:
    :path: Flutter
  flutter_login_vk:
    :path: ".symlinks/plugins/flutter_login_vk/ios"

SPEC CHECKSUMS:
  Flutter: 0e3d915762c693b495b44d77113d4970485de6ec
  flutter_login_vk: cd5187f4a51372f52adf6512aa6697916c445424

PODFILE CHECKSUM: c34e2287a9ccaa606aeceab922830efb9a6ff69a

COCOAPODS: 1.8.0
